
Microsoft Visual Studio Solution File, Format Version 12.00
# Visual Studio Version 16
VisualStudioVersion = 16.0.30413.136
MinimumVisualStudioVersion = 10.0.40219.1
Project("{9A19103F-16F7-4668-BE54-9A1E7A4F7556}") = "SaleSystem", "SaleSystem\SaleSystem.csproj", "{62BC7196-82F2-4357-85A1-48371527B41A}"
EndProject
Project("{FAE04EC0-301F-11D3-BF4B-00C04F79EFBC}") = "SaleSystem.XUnitTest", "SaleSystem.XUnitTest\SaleSystem.XUnitTest.csproj", "{2159A642-8D00-49DB-9554-AA8EB9C85651}"
EndProject
Global
	GlobalSection(SolutionConfigurationPlatforms) = preSolution
		Debug|Any CPU = Debug|Any CPU
		Release|Any CPU = Release|Any CPU
	EndGlobalSection
	GlobalSection(ProjectConfigurationPlatforms) = postSolution
		{62BC7196-82F2-4357-85A1-48371527B41A}.Debug|Any CPU.ActiveCfg = Debug|Any CPU
		{62BC7196-82F2-4357-85A1-48371527B41A}.Debug|Any CPU.Build.0 = Debug|Any CPU
		{62BC7196-82F2-4357-85A1-48371527B41A}.Release|Any CPU.ActiveCfg = Release|Any CPU
		{62BC7196-82F2-4357-85A1-48371527B41A}.Release|Any CPU.Build.0 = Release|Any CPU
		{2159A642-8D00-49DB-9554-AA8EB9C85651}.Debug|Any CPU.ActiveCfg = Debug|Any CPU
		{2159A642-8D00-49DB-9554-AA8EB9C85651}.Debug|Any CPU.Build.0 = Debug|Any CPU
		{2159A642-8D00-49DB-9554-AA8EB9C85651}.Release|Any CPU.ActiveCfg = Release|Any CPU
		{2159A642-8D00-49DB-9554-AA8EB9C85651}.Release|Any CPU.Build.0 = Release|Any CPU
	EndGlobalSection
	GlobalSection(SolutionProperties) = preSolution
		HideSolutionNode = FALSE
	EndGlobalSection
	GlobalSection(ExtensibilityGlobals) = postSolution
		SolutionGuid = {AA7D3B00-7977-48BC-89E1-DF972EEA4061}
	EndGlobalSection
EndGlobal
